// !$*UTF8*$!
{
	archiveVersion = 1;
	classes = {
	};
	objectVersion = 46;
	objects = {

/* Begin PBXBuildFile section */
		BE07AA991B7E817000B8FA00 /* SpotlightCollectionViewController.m in Sources */ = {isa = PBXBuildFile; fileRef = BE07AA981B7E817000B8FA00 /* SpotlightCollectionViewController.m */; };
		BE07AA9C1B7E83CD00B8FA00 /* FeaturedCollectionViewController.m in Sources */ = {isa = PBXBuildFile; fileRef = BE07AA9B1B7E83CD00B8FA00 /* FeaturedCollectionViewController.m */; };
		BE2CF41B1B7A73B10071A70D /* main.m in Sources */ = {isa = PBXBuildFile; fileRef = BE2CF41A1B7A73B10071A70D /* main.m */; };
		BE2CF41E1B7A73B10071A70D /* AppDelegate.m in Sources */ = {isa = PBXBuildFile; fileRef = BE2CF41D1B7A73B10071A70D /* AppDelegate.m */; };
		BE2CF4241B7A73B10071A70D /* Main.storyboard in Resources */ = {isa = PBXBuildFile; fileRef = BE2CF4221B7A73B10071A70D /* Main.storyboard */; };
		BE2CF4261B7A73B10071A70D /* Assets.xcassets in Resources */ = {isa = PBXBuildFile; fileRef = BE2CF4251B7A73B10071A70D /* Assets.xcassets */; };
		BE2CF4291B7A73B10071A70D /* LaunchScreen.storyboard in Resources */ = {isa = PBXBuildFile; fileRef = BE2CF4271B7A73B10071A70D /* LaunchScreen.storyboard */; };
		BE2CF4391B7AB8820071A70D /* PlacesTableViewController.m in Sources */ = {isa = PBXBuildFile; fileRef = BE2CF4381B7AB8820071A70D /* PlacesTableViewController.m */; };
		BE2CF43C1B7AB8C20071A70D /* PlacesTableViewCell.m in Sources */ = {isa = PBXBuildFile; fileRef = BE2CF43B1B7AB8C20071A70D /* PlacesTableViewCell.m */; };
		BE588CD01B7CFBCC000D2752 /* SWRevealViewController.m in Sources */ = {isa = PBXBuildFile; fileRef = BE588CCF1B7CFBCC000D2752 /* SWRevealViewController.m */; };
		BE5D0F161B7EAD99005AD297 /* HomeViewController.m in Sources */ = {isa = PBXBuildFile; fileRef = BE5D0F151B7EAD99005AD297 /* HomeViewController.m */; };
		BE6477C01B7AE25E00CC5387 /* SidebarTableViewController.m in Sources */ = {isa = PBXBuildFile; fileRef = BE6477BF1B7AE25E00CC5387 /* SidebarTableViewController.m */; };
		BE8009371B7D52D2008B963F /* HomeTableViewController.m in Sources */ = {isa = PBXBuildFile; fileRef = BE8009361B7D52D2008B963F /* HomeTableViewController.m */; };
		BE80093A1B7D54AF008B963F /* HomeTableViewCell.m in Sources */ = {isa = PBXBuildFile; fileRef = BE8009391B7D54AF008B963F /* HomeTableViewCell.m */; };
		BEDD8BE91B7D10720093A047 /* ListsViewController.m in Sources */ = {isa = PBXBuildFile; fileRef = BEDD8BE81B7D10720093A047 /* ListsViewController.m */; };
		BEE3A2231B7D001D0018CE10 /* NearbyTableViewController.m in Sources */ = {isa = PBXBuildFile; fileRef = BEE3A2221B7D001D0018CE10 /* NearbyTableViewController.m */; };
		BEE3A2281B7D02AB0018CE10 /* FeedViewController.m in Sources */ = {isa = PBXBuildFile; fileRef = BEE3A2271B7D02AB0018CE10 /* FeedViewController.m */; };
/* End PBXBuildFile section */

/* Begin PBXFileReference section */
		BE07AA971B7E817000B8FA00 /* SpotlightCollectionViewController.h */ = {isa = PBXFileReference; fileEncoding = 4; lastKnownFileType = sourcecode.c.h; path = SpotlightCollectionViewController.h; sourceTree = "<group>"; };
		BE07AA981B7E817000B8FA00 /* SpotlightCollectionViewController.m */ = {isa = PBXFileReference; fileEncoding = 4; lastKnownFileType = sourcecode.c.objc; path = SpotlightCollectionViewController.m; sourceTree = "<group>"; };
		BE07AA9A1B7E83CD00B8FA00 /* FeaturedCollectionViewController.h */ = {isa = PBXFileReference; fileEncoding = 4; lastKnownFileType = sourcecode.c.h; path = FeaturedCollectionViewController.h; sourceTree = "<group>"; };
		BE07AA9B1B7E83CD00B8FA00 /* FeaturedCollectionViewController.m */ = {isa = PBXFileReference; fileEncoding = 4; lastKnownFileType = sourcecode.c.objc; path = FeaturedCollectionViewController.m; sourceTree = "<group>"; };
		BE2CF4161B7A73B10071A70D /* testing_1.app */ = {isa = PBXFileReference; explicitFileType = wrapper.application; includeInIndex = 0; path = testing_1.app; sourceTree = BUILT_PRODUCTS_DIR; };
		BE2CF41A1B7A73B10071A70D /* main.m */ = {isa = PBXFileReference; lastKnownFileType = sourcecode.c.objc; path = main.m; sourceTree = "<group>"; };
		BE2CF41C1B7A73B10071A70D /* AppDelegate.h */ = {isa = PBXFileReference; lastKnownFileType = sourcecode.c.h; path = AppDelegate.h; sourceTree = "<group>"; };
		BE2CF41D1B7A73B10071A70D /* AppDelegate.m */ = {isa = PBXFileReference; lastKnownFileType = sourcecode.c.objc; path = AppDelegate.m; sourceTree = "<group>"; };
		BE2CF4231B7A73B10071A70D /* Base */ = {isa = PBXFileReference; lastKnownFileType = file.storyboard; name = Base; path = Base.lproj/Main.storyboard; sourceTree = "<group>"; };
		BE2CF4251B7A73B10071A70D /* Assets.xcassets */ = {isa = PBXFileReference; lastKnownFileType = folder.assetcatalog; path = Assets.xcassets; sourceTree = "<group>"; };
		BE2CF4281B7A73B10071A70D /* Base */ = {isa = PBXFileReference; lastKnownFileType = file.storyboard; name = Base; path = Base.lproj/LaunchScreen.storyboard; sourceTree = "<group>"; };
		BE2CF42A1B7A73B10071A70D /* Info.plist */ = {isa = PBXFileReference; lastKnownFileType = text.plist.xml; path = Info.plist; sourceTree = "<group>"; };
		BE2CF4371B7AB8820071A70D /* PlacesTableViewController.h */ = {isa = PBXFileReference; fileEncoding = 4; lastKnownFileType = sourcecode.c.h; path = PlacesTableViewController.h; sourceTree = "<group>"; };
		BE2CF4381B7AB8820071A70D /* PlacesTableViewController.m */ = {isa = PBXFileReference; fileEncoding = 4; lastKnownFileType = sourcecode.c.objc; path = PlacesTableViewController.m; sourceTree = "<group>"; };
		BE2CF43A1B7AB8C20071A70D /* PlacesTableViewCell.h */ = {isa = PBXFileReference; fileEncoding = 4; lastKnownFileType = sourcecode.c.h; path = PlacesTableViewCell.h; sourceTree = "<group>"; };
		BE2CF43B1B7AB8C20071A70D /* PlacesTableViewCell.m */ = {isa = PBXFileReference; fileEncoding = 4; lastKnownFileType = sourcecode.c.objc; path = PlacesTableViewCell.m; sourceTree = "<group>"; };
		BE588CCE1B7CFBCC000D2752 /* SWRevealViewController.h */ = {isa = PBXFileReference; fileEncoding = 4; lastKnownFileType = sourcecode.c.h; path = SWRevealViewController.h; sourceTree = "<group>"; };
		BE588CCF1B7CFBCC000D2752 /* SWRevealViewController.m */ = {isa = PBXFileReference; fileEncoding = 4; lastKnownFileType = sourcecode.c.objc; path = SWRevealViewController.m; sourceTree = "<group>"; };
		BE5D0F141B7EAD99005AD297 /* HomeViewController.h */ = {isa = PBXFileReference; fileEncoding = 4; lastKnownFileType = sourcecode.c.h; path = HomeViewController.h; sourceTree = "<group>"; };
		BE5D0F151B7EAD99005AD297 /* HomeViewController.m */ = {isa = PBXFileReference; fileEncoding = 4; lastKnownFileType = sourcecode.c.objc; path = HomeViewController.m; sourceTree = "<group>"; };
		BE6477BE1B7AE25E00CC5387 /* SidebarTableViewController.h */ = {isa = PBXFileReference; fileEncoding = 4; lastKnownFileType = sourcecode.c.h; path = SidebarTableViewController.h; sourceTree = "<group>"; };
		BE6477BF1B7AE25E00CC5387 /* SidebarTableViewController.m */ = {isa = PBXFileReference; fileEncoding = 4; lastKnownFileType = sourcecode.c.objc; path = SidebarTableViewController.m; sourceTree = "<group>"; };
		BE8009351B7D52D2008B963F /* HomeTableViewController.h */ = {isa = PBXFileReference; fileEncoding = 4; lastKnownFileType = sourcecode.c.h; name = HomeTableViewController.h; path = ../HomeTableViewController.h; sourceTree = "<group>"; };
		BE8009361B7D52D2008B963F /* HomeTableViewController.m */ = {isa = PBXFileReference; fileEncoding = 4; lastKnownFileType = sourcecode.c.objc; name = HomeTableViewController.m; path = ../HomeTableViewController.m; sourceTree = "<group>"; };
		BE8009381B7D54AF008B963F /* HomeTableViewCell.h */ = {isa = PBXFileReference; fileEncoding = 4; lastKnownFileType = sourcecode.c.h; path = HomeTableViewCell.h; sourceTree = "<group>"; };
		BE8009391B7D54AF008B963F /* HomeTableViewCell.m */ = {isa = PBXFileReference; fileEncoding = 4; lastKnownFileType = sourcecode.c.objc; path = HomeTableViewCell.m; sourceTree = "<group>"; };
		BEDD8BE71B7D10720093A047 /* ListsViewController.h */ = {isa = PBXFileReference; fileEncoding = 4; lastKnownFileType = sourcecode.c.h; path = ListsViewController.h; sourceTree = "<group>"; };
		BEDD8BE81B7D10720093A047 /* ListsViewController.m */ = {isa = PBXFileReference; fileEncoding = 4; lastKnownFileType = sourcecode.c.objc; path = ListsViewController.m; sourceTree = "<group>"; };
		BEE3A2211B7D001D0018CE10 /* NearbyTableViewController.h */ = {isa = PBXFileReference; fileEncoding = 4; lastKnownFileType = sourcecode.c.h; path = NearbyTableViewController.h; sourceTree = "<group>"; };
		BEE3A2221B7D001D0018CE10 /* NearbyTableViewController.m */ = {isa = PBXFileReference; fileEncoding = 4; lastKnownFileType = sourcecode.c.objc; path = NearbyTableViewController.m; sourceTree = "<group>"; };
		BEE3A2261B7D02AB0018CE10 /* FeedViewController.h */ = {isa = PBXFileReference; fileEncoding = 4; lastKnownFileType = sourcecode.c.h; path = FeedViewController.h; sourceTree = "<group>"; };
		BEE3A2271B7D02AB0018CE10 /* FeedViewController.m */ = {isa = PBXFileReference; fileEncoding = 4; lastKnownFileType = sourcecode.c.objc; path = FeedViewController.m; sourceTree = "<group>"; };
/* End PBXFileReference section */

/* Begin PBXFrameworksBuildPhase section */
		BE2CF4131B7A73B10071A70D /* Frameworks */ = {
			isa = PBXFrameworksBuildPhase;
			buildActionMask = 2147483647;
			files = (
			);
			runOnlyForDeploymentPostprocessing = 0;
		};
/* End PBXFrameworksBuildPhase section */

/* Begin PBXGroup section */
		BE2CF40D1B7A73B10071A70D = {
			isa = PBXGroup;
			children = (
				BE2CF4181B7A73B10071A70D /* testing_1 */,
				BE2CF4171B7A73B10071A70D /* Products */,
			);
			sourceTree = "<group>";
		};
		BE2CF4171B7A73B10071A70D /* Products */ = {
			isa = PBXGroup;
			children = (
				BE2CF4161B7A73B10071A70D /* testing_1.app */,
			);
			name = Products;
			sourceTree = "<group>";
		};
		BE2CF4181B7A73B10071A70D /* testing_1 */ = {
			isa = PBXGroup;
			children = (
				BE2CF41C1B7A73B10071A70D /* AppDelegate.h */,
				BE2CF41D1B7A73B10071A70D /* AppDelegate.m */,
				BE5D0F181B7EAE77005AD297 /* Models */,
				BE5D0F101B7EAC54005AD297 /* Controllers */,
				BE5D0F0F1B7EAC3E005AD297 /* Views */,
				BE2CF4221B7A73B10071A70D /* Main.storyboard */,
				BE2CF4251B7A73B10071A70D /* Assets.xcassets */,
				BE2CF4271B7A73B10071A70D /* LaunchScreen.storyboard */,
				BE2CF42A1B7A73B10071A70D /* Info.plist */,
				BE2CF4191B7A73B10071A70D /* Supporting Files */,
			);
			path = testing_1;
			sourceTree = "<group>";
		};
		BE2CF4191B7A73B10071A70D /* Supporting Files */ = {
			isa = PBXGroup;
			children = (
				BE2CF41A1B7A73B10071A70D /* main.m */,
				BE588CCE1B7CFBCC000D2752 /* SWRevealViewController.h */,
				BE588CCF1B7CFBCC000D2752 /* SWRevealViewController.m */,
			);
			name = "Supporting Files";
			sourceTree = "<group>";
		};
		BE5D0F0F1B7EAC3E005AD297 /* Views */ = {
			isa = PBXGroup;
			children = (
				BE8009381B7D54AF008B963F /* HomeTableViewCell.h */,
				BE8009391B7D54AF008B963F /* HomeTableViewCell.m */,
				BE2CF43A1B7AB8C20071A70D /* PlacesTableViewCell.h */,
				BE2CF43B1B7AB8C20071A70D /* PlacesTableViewCell.m */,
			);
			name = Views;
			sourceTree = "<group>";
		};
		BE5D0F101B7EAC54005AD297 /* Controllers */ = {
			isa = PBXGroup;
			children = (
				BE5D0F1E1B7EAED2005AD297 /* Navigation */,
				BE5D0F191B7EAE8B005AD297 /* Home */,
				BE5D0F1A1B7EAE9A005AD297 /* Nearby */,
				BE5D0F1B1B7EAEA3005AD297 /* Feed */,
				BE5D0F1C1B7EAEAD005AD297 /* Places */,
				BE5D0F1D1B7EAEC4005AD297 /* Lists */,
			);
			name = Controllers;
			sourceTree = "<group>";
		};
		BE5D0F181B7EAE77005AD297 /* Models */ = {
			isa = PBXGroup;
			children = (
			);
			name = Models;
			sourceTree = "<group>";
		};
		BE5D0F191B7EAE8B005AD297 /* Home */ = {
			isa = PBXGroup;
			children = (
				BE5D0F141B7EAD99005AD297 /* HomeViewController.h */,
				BE5D0F151B7EAD99005AD297 /* HomeViewController.m */,
				BE07AA971B7E817000B8FA00 /* SpotlightCollectionViewController.h */,
				BE07AA981B7E817000B8FA00 /* SpotlightCollectionViewController.m */,
				BE07AA9A1B7E83CD00B8FA00 /* FeaturedCollectionViewController.h */,
				BE07AA9B1B7E83CD00B8FA00 /* FeaturedCollectionViewController.m */,
				BE8009351B7D52D2008B963F /* HomeTableViewController.h */,
				BE8009361B7D52D2008B963F /* HomeTableViewController.m */,
			);
			name = Home;
			sourceTree = "<group>";
		};
		BE5D0F1A1B7EAE9A005AD297 /* Nearby */ = {
			isa = PBXGroup;
			children = (
				BEE3A2211B7D001D0018CE10 /* NearbyTableViewController.h */,
				BEE3A2221B7D001D0018CE10 /* NearbyTableViewController.m */,
			);
			name = Nearby;
			sourceTree = "<group>";
		};
		BE5D0F1B1B7EAEA3005AD297 /* Feed */ = {
			isa = PBXGroup;
			children = (
				BEE3A2261B7D02AB0018CE10 /* FeedViewController.h */,
				BEE3A2271B7D02AB0018CE10 /* FeedViewController.m */,
			);
			name = Feed;
			sourceTree = "<group>";
		};
		BE5D0F1C1B7EAEAD005AD297 /* Places */ = {
			isa = PBXGroup;
			children = (
				BE2CF4371B7AB8820071A70D /* PlacesTableViewController.h */,
				BE2CF4381B7AB8820071A70D /* PlacesTableViewController.m */,
			);
			name = Places;
			sourceTree = "<group>";
		};
		BE5D0F1D1B7EAEC4005AD297 /* Lists */ = {
			isa = PBXGroup;
			children = (
				BEDD8BE71B7D10720093A047 /* ListsViewController.h */,
				BEDD8BE81B7D10720093A047 /* ListsViewController.m */,
			);
			name = Lists;
			sourceTree = "<group>";
		};
		BE5D0F1E1B7EAED2005AD297 /* Navigation */ = {
			isa = PBXGroup;
			children = (
				BE6477BE1B7AE25E00CC5387 /* SidebarTableViewController.h */,
				BE6477BF1B7AE25E00CC5387 /* SidebarTableViewController.m */,
			);
			name = Navigation;
			sourceTree = "<group>";
		};
/* End PBXGroup section */

/* Begin PBXNativeTarget section */
		BE2CF4151B7A73B10071A70D /* testing_1 */ = {
			isa = PBXNativeTarget;
			buildConfigurationList = BE2CF42D1B7A73B10071A70D /* Build configuration list for PBXNativeTarget "testing_1" */;
			buildPhases = (
				BE2CF4121B7A73B10071A70D /* Sources */,
				BE2CF4131B7A73B10071A70D /* Frameworks */,
				BE2CF4141B7A73B10071A70D /* Resources */,
			);
			buildRules = (
			);
			dependencies = (
			);
			name = testing_1;
			productName = testing_1;
			productReference = BE2CF4161B7A73B10071A70D /* testing_1.app */;
			productType = "com.apple.product-type.application";
		};
/* End PBXNativeTarget section */

/* Begin PBXProject section */
		BE2CF40E1B7A73B10071A70D /* Project object */ = {
			isa = PBXProject;
			attributes = {
				LastUpgradeCheck = 0700;
				ORGANIZATIONNAME = "Meme Menu";
				TargetAttributes = {
					BE2CF4151B7A73B10071A70D = {
						CreatedOnToolsVersion = 7.0;
					};
				};
			};
			buildConfigurationList = BE2CF4111B7A73B10071A70D /* Build configuration list for PBXProject "testing_1" */;
			compatibilityVersion = "Xcode 3.2";
			developmentRegion = English;
			hasScannedForEncodings = 0;
			knownRegions = (
				en,
				Base,
			);
			mainGroup = BE2CF40D1B7A73B10071A70D;
			productRefGroup = BE2CF4171B7A73B10071A70D /* Products */;
			projectDirPath = "";
			projectRoot = "";
			targets = (
				BE2CF4151B7A73B10071A70D /* testing_1 */,
			);
		};
/* End PBXProject section */

/* Begin PBXResourcesBuildPhase section */
		BE2CF4141B7A73B10071A70D /* Resources */ = {
			isa = PBXResourcesBuildPhase;
			buildActionMask = 2147483647;
			files = (
				BE2CF4291B7A73B10071A70D /* LaunchScreen.storyboard in Resources */,
				BE2CF4261B7A73B10071A70D /* Assets.xcassets in Resources */,
				BE2CF4241B7A73B10071A70D /* Main.storyboard in Resources */,
			);
			runOnlyForDeploymentPostprocessing = 0;
		};
/* End PBXResourcesBuildPhase section */

/* Begin PBXSourcesBuildPhase section */
		BE2CF4121B7A73B10071A70D /* Sources */ = {
			isa = PBXSourcesBuildPhase;
			buildActionMask = 2147483647;
			files = (
				BE6477C01B7AE25E00CC5387 /* SidebarTableViewController.m in Sources */,
				BE2CF43C1B7AB8C20071A70D /* PlacesTableViewCell.m in Sources */,
				BE588CD01B7CFBCC000D2752 /* SWRevealViewController.m in Sources */,
				BE07AA9C1B7E83CD00B8FA00 /* FeaturedCollectionViewController.m in Sources */,
				BE8009371B7D52D2008B963F /* HomeTableViewController.m in Sources */,
				BE5D0F161B7EAD99005AD297 /* HomeViewController.m in Sources */,
				BEE3A2231B7D001D0018CE10 /* NearbyTableViewController.m in Sources */,
				BE2CF4391B7AB8820071A70D /* PlacesTableViewController.m in Sources */,
				BEE3A2281B7D02AB0018CE10 /* FeedViewController.m in Sources */,
				BE2CF41E1B7A73B10071A70D /* AppDelegate.m in Sources */,
				BE80093A1B7D54AF008B963F /* HomeTableViewCell.m in Sources */,
				BE2CF41B1B7A73B10071A70D /* main.m in Sources */,
				BEDD8BE91B7D10720093A047 /* ListsViewController.m in Sources */,
				BE07AA991B7E817000B8FA00 /* SpotlightCollectionViewController.m in Sources */,
			);
			runOnlyForDeploymentPostprocessing = 0;
		};
/* End PBXSourcesBuildPhase section */

/* Begin PBXVariantGroup section */
		BE2CF4221B7A73B10071A70D /* Main.storyboard */ = {
			isa = PBXVariantGroup;
			children = (
				BE2CF4231B7A73B10071A70D /* Base */,
			);
			name = Main.storyboard;
			sourceTree = "<group>";
		};
		BE2CF4271B7A73B10071A70D /* LaunchScreen.storyboard */ = {
			isa = PBXVariantGroup;
			children = (
				BE2CF4281B7A73B10071A70D /* Base */,
			);
			name = LaunchScreen.storyboard;
			sourceTree = "<group>";
		};
/* End PBXVariantGroup section */

/* Begin XCBuildConfiguration section */
		BE2CF42B1B7A73B10071A70D /* Debug */ = {
			isa = XCBuildConfiguration;
			buildSettings = {
				ALWAYS_SEARCH_USER_PATHS = NO;
				CLANG_CXX_LANGUAGE_STANDARD = "gnu++0x";
				CLANG_CXX_LIBRARY = "libc++";
				CLANG_ENABLE_MODULES = YES;
				CLANG_ENABLE_OBJC_ARC = YES;
				CLANG_WARN_BOOL_CONVERSION = YES;
				CLANG_WARN_CONSTANT_CONVERSION = YES;
				CLANG_WARN_DIRECT_OBJC_ISA_USAGE = YES_ERROR;
				CLANG_WARN_EMPTY_BODY = YES;
				CLANG_WARN_ENUM_CONVERSION = YES;
				CLANG_WARN_INT_CONVERSION = YES;
				CLANG_WARN_OBJC_ROOT_CLASS = YES_ERROR;
				CLANG_WARN_UNREACHABLE_CODE = YES;
				CLANG_WARN__DUPLICATE_METHOD_MATCH = YES;
				"CODE_SIGN_IDENTITY[sdk=iphoneos*]" = "iPhone Developer";
				COPY_PHASE_STRIP = NO;
				DEBUG_INFORMATION_FORMAT = dwarf;
				ENABLE_STRICT_OBJC_MSGSEND = YES;
				ENABLE_TESTABILITY = YES;
				GCC_C_LANGUAGE_STANDARD = gnu99;
				GCC_DYNAMIC_NO_PIC = NO;
				GCC_NO_COMMON_BLOCKS = YES;
				GCC_OPTIMIZATION_LEVEL = 0;
				GCC_PREPROCESSOR_DEFINITIONS = (
					"DEBUG=1",
					"$(inherited)",
				);
				GCC_WARN_64_TO_32_BIT_CONVERSION = YES;
				GCC_WARN_ABOUT_RETURN_TYPE = YES_ERROR;
				GCC_WARN_UNDECLARED_SELECTOR = YES;
				GCC_WARN_UNINITIALIZED_AUTOS = YES_AGGRESSIVE;
				GCC_WARN_UNUSED_FUNCTION = YES;
				GCC_WARN_UNUSED_VARIABLE = YES;
				IPHONEOS_DEPLOYMENT_TARGET = 9.0;
				MTL_ENABLE_DEBUG_INFO = YES;
				ONLY_ACTIVE_ARCH = YES;
				SDKROOT = iphoneos;
			};
			name = Debug;
		};
		BE2CF42C1B7A73B10071A70D /* Release */ = {
			isa = XCBuildConfiguration;
			buildSettings = {
				ALWAYS_SEARCH_USER_PATHS = NO;
				CLANG_CXX_LANGUAGE_STANDARD = "gnu++0x";
				CLANG_CXX_LIBRARY = "libc++";
				CLANG_ENABLE_MODULES = YES;
				CLANG_ENABLE_OBJC_ARC = YES;
				CLANG_WARN_BOOL_CONVERSION = YES;
				CLANG_WARN_CONSTANT_CONVERSION = YES;
				CLANG_WARN_DIRECT_OBJC_ISA_USAGE = YES_ERROR;
				CLANG_WARN_EMPTY_BODY = YES;
				CLANG_WARN_ENUM_CONVERSION = YES;
				CLANG_WARN_INT_CONVERSION = YES;
				CLANG_WARN_OBJC_ROOT_CLASS = YES_ERROR;
				CLANG_WARN_UNREACHABLE_CODE = YES;
				CLANG_WARN__DUPLICATE_METHOD_MATCH = YES;
				"CODE_SIGN_IDENTITY[sdk=iphoneos*]" = "iPhone Developer";
				COPY_PHASE_STRIP = NO;
				DEBUG_INFORMATION_FORMAT = "dwarf-with-dsym";
				ENABLE_NS_ASSERTIONS = NO;
				ENABLE_STRICT_OBJC_MSGSEND = YES;
				GCC_C_LANGUAGE_STANDARD = gnu99;
				GCC_NO_COMMON_BLOCKS = YES;
				GCC_WARN_64_TO_32_BIT_CONVERSION = YES;
				GCC_WARN_ABOUT_RETURN_TYPE = YES_ERROR;
				GCC_WARN_UNDECLARED_SELECTOR = YES;
				GCC_WARN_UNINITIALIZED_AUTOS = YES_AGGRESSIVE;
				GCC_WARN_UNUSED_FUNCTION = YES;
				GCC_WARN_UNUSED_VARIABLE = YES;
				IPHONEOS_DEPLOYMENT_TARGET = 9.0;
				MTL_ENABLE_DEBUG_INFO = NO;
				SDKROOT = iphoneos;
				VALIDATE_PRODUCT = YES;
			};
			name = Release;
		};
		BE2CF42E1B7A73B10071A70D /* Debug */ = {
			isa = XCBuildConfiguration;
			buildSettings = {
				ASSETCATALOG_COMPILER_APPICON_NAME = AppIcon;
				INFOPLIST_FILE = testing_1/Info.plist;
				IPHONEOS_DEPLOYMENT_TARGET = 8.4;
				LD_RUNPATH_SEARCH_PATHS = "$(inherited) @executable_path/Frameworks";
				PRODUCT_BUNDLE_IDENTIFIER = "menu.meme.testing-1";
				PRODUCT_NAME = "$(TARGET_NAME)";
			};
			name = Debug;
		};
		BE2CF42F1B7A73B10071A70D /* Release */ = {
			isa = XCBuildConfiguration;
			buildSettings = {
				ASSETCATALOG_COMPILER_APPICON_NAME = AppIcon;
				INFOPLIST_FILE = testing_1/Info.plist;
				IPHONEOS_DEPLOYMENT_TARGET = 8.4;
				LD_RUNPATH_SEARCH_PATHS = "$(inherited) @executable_path/Frameworks";
				PRODUCT_BUNDLE_IDENTIFIER = "menu.meme.testing-1";
				PRODUCT_NAME = "$(TARGET_NAME)";
			};
			name = Release;
		};
/* End XCBuildConfiguration section */

/* Begin XCConfigurationList section */
		BE2CF4111B7A73B10071A70D /* Build configuration list for PBXProject "testing_1" */ = {
			isa = XCConfigurationList;
			buildConfigurations = (
				BE2CF42B1B7A73B10071A70D /* Debug */,
				BE2CF42C1B7A73B10071A70D /* Release */,
			);
			defaultConfigurationIsVisible = 0;
			defaultConfigurationName = Release;
		};
		BE2CF42D1B7A73B10071A70D /* Build configuration list for PBXNativeTarget "testing_1" */ = {
			isa = XCConfigurationList;
			buildConfigurations = (
				BE2CF42E1B7A73B10071A70D /* Debug */,
				BE2CF42F1B7A73B10071A70D /* Release */,
			);
			defaultConfigurationIsVisible = 0;
			defaultConfigurationName = Release;
		};
/* End XCConfigurationList section */
	};
	rootObject = BE2CF40E1B7A73B10071A70D /* Project object */;
}
